<?xml version="1.0" encoding="utf-8"?>
<Project ToolsVersion="4.0" xmlns="http://schemas.microsoft.com/developer/msbuild/2003">
  <ItemGroup>
    <Filter Include="Source Files">
      <UniqueIdentifier>{4FC737F1-C7A5-4376-A066-2A32D752A2FF}</UniqueIdentifier>
      <Extensions>cpp;c;cc;cxx;def;odl;idl;hpj;bat;asm;asmx</Extensions>
    </Filter>
    <Filter Include="Header Files">
      <UniqueIdentifier>{93995380-89BD-4b04-88EB-625FBE52EBFB}</UniqueIdentifier>
      <Extensions>h;hh;hpp;hxx;hm;inl;inc;xsd</Extensions>
    </Filter>
    <Filter Include="Resource Files">
      <UniqueIdentifier>{67DA6AB6-F800-4c08-8B7A-83BB121AAD01}</UniqueIdentifier>
      <Extensions>rc;ico;cur;bmp;dlg;rc2;rct;bin;rgs;gif;jpg;jpeg;jpe;resx;tiff;tif;png;wav;mfcribbon-ms</Extensions>
    </Filter>
    <Filter Include="Source Files\Pakiet">
      <UniqueIdentifier>{29a75cf0-d813-44fe-84cd-1b4260f6d9cb}</UniqueIdentifier>
    </Filter>
    <Filter Include="Source Files\Kanał">
      <UniqueIdentifier>{0a66b8d5-6243-4f01-9437-ea4a0288d0ec}</UniqueIdentifier>
    </Filter>
    <Filter Include="Source Files\Generator">
      <UniqueIdentifier>{7b49b9d8-020f-4859-898c-c48a1415856e}</UniqueIdentifier>
    </Filter>
    <Filter Include="Source Files\Nadajnik">
      <UniqueIdentifier>{cc4fd289-324a-4af5-aa0d-66bf64f3559b}</UniqueIdentifier>
    </Filter>
    <Filter Include="Source Files\Ziarno">
      <UniqueIdentifier>{70df83c7-b5c3-4daa-b99b-125f26e2fdc2}</UniqueIdentifier>
    </Filter>
    <Filter Include="Source Files\Symulacja">
      <UniqueIdentifier>{ce16233c-24b7-438f-ab66-2e166f67e365}</UniqueIdentifier>
    </Filter>
    <Filter Include="Source Files\Sieć">
      <UniqueIdentifier>{000ffd33-ac1a-4154-98b7-33e721b25252}</UniqueIdentifier>
    </Filter>
    <Filter Include="Source Files\Proces">
      <UniqueIdentifier>{f9201522-c75a-42d9-9fa1-20afea7b2327}</UniqueIdentifier>
    </Filter>
  </ItemGroup>
  <ItemGroup>
    <ClInclude Include="nadajnik.h">
      <Filter>Header Files</Filter>
    </ClInclude>
    <ClInclude Include="zdarzenie.h">
      <Filter>Header Files</Filter>
    </ClInclude>
    <ClInclude Include="pakiet.h">
      <Filter>Header Files</Filter>
    </ClInclude>
    <ClInclude Include="kanal.h">
      <Filter>Header Files</Filter>
    </ClInclude>
    <ClInclude Include="siec.h">
      <Filter>Header Files</Filter>
    </ClInclude>
    <ClInclude Include="symulacja.h">
      <Filter>Header Files</Filter>
    </ClInclude>
    <ClInclude Include="generator_rownomierny.h">
      <Filter>Header Files</Filter>
    </ClInclude>
    <ClInclude Include="generator_wykladniczy.h">
      <Filter>Header Files</Filter>
    </ClInclude>
    <ClInclude Include="ziarno.h">
      <Filter>Header Files</Filter>
    </ClInclude>
    <ClInclude Include="proces.h">
      <Filter>Header Files</Filter>
    </ClInclude>
    <ClInclude Include="Statystyka.h">
      <Filter>Header Files</Filter>
    </ClInclude>
  </ItemGroup>
  <ItemGroup>
    <ClCompile Include="generator_rownomierny.cpp">
      <Filter>Source Files\Generator</Filter>
    </ClCompile>
    <ClCompile Include="generator_wykladniczy.cpp">
      <Filter>Source Files\Generator</Filter>
    </ClCompile>
    <ClCompile Include="nadajnik.cpp">
      <Filter>Source Files\Nadajnik</Filter>
    </ClCompile>
    <ClCompile Include="kanal.cpp">
      <Filter>Source Files\Kanał</Filter>
    </ClCompile>
    <ClCompile Include="pakiet.cpp">
      <Filter>Source Files\Pakiet</Filter>
    </ClCompile>
    <ClCompile Include="main.cpp">
      <Filter>Source Files</Filter>
    </ClCompile>
    <ClCompile Include="ziarno.cpp">
      <Filter>Source Files\Ziarno</Filter>
    </ClCompile>
    <ClCompile Include="symulacja.cpp">
      <Filter>Source Files\Symulacja</Filter>
    </ClCompile>
    <ClCompile Include="siec.cpp">
      <Filter>Source Files\Sieć</Filter>
    </ClCompile>
    <ClCompile Include="proces.cpp">
      <Filter>Source Files\Proces</Filter>
    </ClCompile>
  </ItemGroup>
</Project>